
Microsoft Visual Studio Solution File, Format Version 12.00
# Visual Studio 2012
Project("{FAE04EC0-301F-11D3-BF4B-00C04F79EFBC}") = "TDDPractica", "TDDPractica\TDDPractica.csproj", "{BB87906F-6333-42EF-A704-0B2F60E1D0D4}"
EndProject
Project("{FAE04EC0-301F-11D3-BF4B-00C04F79EFBC}") = "TDDPracticaTest", "TDDPracticaTest\TDDPracticaTest.csproj", "{F853ADBD-CD5D-49F2-96D1-BB4BB7BB68A4}"
EndProject
Global
	GlobalSection(SolutionConfigurationPlatforms) = preSolution
		Debug|Any CPU = Debug|Any CPU
		Release|Any CPU = Release|Any CPU
	EndGlobalSection
	GlobalSection(ProjectConfigurationPlatforms) = postSolution
		{BB87906F-6333-42EF-A704-0B2F60E1D0D4}.Debug|Any CPU.ActiveCfg = Debug|Any CPU
		{BB87906F-6333-42EF-A704-0B2F60E1D0D4}.Debug|Any CPU.Build.0 = Debug|Any CPU
		{BB87906F-6333-42EF-A704-0B2F60E1D0D4}.Release|Any CPU.ActiveCfg = Release|Any CPU
		{BB87906F-6333-42EF-A704-0B2F60E1D0D4}.Release|Any CPU.Build.0 = Release|Any CPU
		{F853ADBD-CD5D-49F2-96D1-BB4BB7BB68A4}.Debug|Any CPU.ActiveCfg = Debug|Any CPU
		{F853ADBD-CD5D-49F2-96D1-BB4BB7BB68A4}.Debug|Any CPU.Build.0 = Debug|Any CPU
		{F853ADBD-CD5D-49F2-96D1-BB4BB7BB68A4}.Release|Any CPU.ActiveCfg = Release|Any CPU
		{F853ADBD-CD5D-49F2-96D1-BB4BB7BB68A4}.Release|Any CPU.Build.0 = Release|Any CPU
	EndGlobalSection
	GlobalSection(SolutionProperties) = preSolution
		HideSolutionNode = FALSE
	EndGlobalSection
EndGlobal
